
Microsoft Visual Studio Solution File, Format Version 12.00
# Visual Studio 15
VisualStudioVersion = 15.0.28307.421
MinimumVisualStudioVersion = 10.0.40219.1
Project("{FAE04EC0-301F-11D3-BF4B-00C04F79EFBC}") = "OthelloGame", "OthelloGame\OthelloGame.csproj", "{FBC09820-8959-4069-956F-6F01ECA11F7D}"
EndProject
Global
	GlobalSection(SolutionConfigurationPlatforms) = preSolution
		Debug|Any CPU = Debug|Any CPU
		Release|Any CPU = Release|Any CPU
	EndGlobalSection
	GlobalSection(ProjectConfigurationPlatforms) = postSolution
		{FBC09820-8959-4069-956F-6F01ECA11F7D}.Debug|Any CPU.ActiveCfg = Debug|Any CPU
		{FBC09820-8959-4069-956F-6F01ECA11F7D}.Debug|Any CPU.Build.0 = Debug|Any CPU
		{FBC09820-8959-4069-956F-6F01ECA11F7D}.Release|Any CPU.ActiveCfg = Release|Any CPU
		{FBC09820-8959-4069-956F-6F01ECA11F7D}.Release|Any CPU.Build.0 = Release|Any CPU
	EndGlobalSection
	GlobalSection(SolutionProperties) = preSolution
		HideSolutionNode = FALSE
	EndGlobalSection
	GlobalSection(ExtensibilityGlobals) = postSolution
		SolutionGuid = {79554010-2E4B-4C49-9732-DDBCAA290CED}
	EndGlobalSection
EndGlobal
